
Microsoft Visual Studio Solution File, Format Version 12.00
# Visual Studio Version 16
VisualStudioVersion = 16.0.30711.63
MinimumVisualStudioVersion = 10.0.40219.1
Project("{9A19103F-16F7-4668-BE54-9A1E7A4F7556}") = "YDT.EBusines.Service", "YDT.EBusines.Service.csproj", "{0B97CA76-71C6-48C0-8865-EA0DB4098A72}"
EndProject
Project("{2150E333-8FDC-42A3-9474-1A3956D46DE8}") = "src", "src", "{5063CECD-7492-42B5-9032-948D834E8EC5}"
EndProject
Project("{2150E333-8FDC-42A3-9474-1A3956D46DE8}") = "test", "test", "{8EF604DB-EF9E-420E-AA5C-6605366CC85E}"
EndProject
Project("{FAE04EC0-301F-11D3-BF4B-00C04F79EFBC}") = "YDT.ProductService", "..\YDT.ProductService\YDT.ProductService.csproj", "{05A46B30-BBA6-4529-8587-87CEE4312B02}"
EndProject
Project("{FAE04EC0-301F-11D3-BF4B-00C04F79EFBC}") = "YDT.OrderService", "..\YDT.OrderService\YDT.OrderService.csproj", "{D5235D04-C1DF-4BFE-A2E1-9D2DE1DB4A19}"
EndProject
Project("{FAE04EC0-301F-11D3-BF4B-00C04F79EFBC}") = "YDT.PaymentService", "..\YDT.PaymentService\YDT.PaymentService.csproj", "{DD1AF83F-2C37-4E3D-8E6E-5707BB000480}"
EndProject
Project("{FAE04EC0-301F-11D3-BF4B-00C04F79EFBC}") = "YDT.UserService", "..\YDT.UserService\YDT.UserService.csproj", "{F536131C-E72A-41B2-A940-D509A1965029}"
EndProject
Project("{2150E333-8FDC-42A3-9474-1A3956D46DE8}") = "microservice", "microservice", "{C092FB39-F3E4-4F77-AA9E-4EADA634D76A}"
EndProject
Project("{2150E333-8FDC-42A3-9474-1A3956D46DE8}") = "website", "website", "{C834C7A7-2C62-4B78-AA52-C18B334687C1}"
EndProject
Project("{FAE04EC0-301F-11D3-BF4B-00C04F79EFBC}") = "YDT.SearchService", "..\YDT.SearchService\YDT.SearchService.csproj", "{A2E0687D-E048-41D5-B5C1-59D6B8A206F3}"
EndProject
Global
	GlobalSection(SolutionConfigurationPlatforms) = preSolution
		Debug|Any CPU = Debug|Any CPU
		Release|Any CPU = Release|Any CPU
	EndGlobalSection
	GlobalSection(ProjectConfigurationPlatforms) = postSolution
		{0B97CA76-71C6-48C0-8865-EA0DB4098A72}.Debug|Any CPU.ActiveCfg = Debug|Any CPU
		{0B97CA76-71C6-48C0-8865-EA0DB4098A72}.Debug|Any CPU.Build.0 = Debug|Any CPU
		{0B97CA76-71C6-48C0-8865-EA0DB4098A72}.Release|Any CPU.ActiveCfg = Release|Any CPU
		{0B97CA76-71C6-48C0-8865-EA0DB4098A72}.Release|Any CPU.Build.0 = Release|Any CPU
		{05A46B30-BBA6-4529-8587-87CEE4312B02}.Debug|Any CPU.ActiveCfg = Debug|Any CPU
		{05A46B30-BBA6-4529-8587-87CEE4312B02}.Debug|Any CPU.Build.0 = Debug|Any CPU
		{05A46B30-BBA6-4529-8587-87CEE4312B02}.Release|Any CPU.ActiveCfg = Release|Any CPU
		{05A46B30-BBA6-4529-8587-87CEE4312B02}.Release|Any CPU.Build.0 = Release|Any CPU
		{D5235D04-C1DF-4BFE-A2E1-9D2DE1DB4A19}.Debug|Any CPU.ActiveCfg = Debug|Any CPU
		{D5235D04-C1DF-4BFE-A2E1-9D2DE1DB4A19}.Debug|Any CPU.Build.0 = Debug|Any CPU
		{D5235D04-C1DF-4BFE-A2E1-9D2DE1DB4A19}.Release|Any CPU.ActiveCfg = Release|Any CPU
		{D5235D04-C1DF-4BFE-A2E1-9D2DE1DB4A19}.Release|Any CPU.Build.0 = Release|Any CPU
		{DD1AF83F-2C37-4E3D-8E6E-5707BB000480}.Debug|Any CPU.ActiveCfg = Debug|Any CPU
		{DD1AF83F-2C37-4E3D-8E6E-5707BB000480}.Debug|Any CPU.Build.0 = Debug|Any CPU
		{DD1AF83F-2C37-4E3D-8E6E-5707BB000480}.Release|Any CPU.ActiveCfg = Release|Any CPU
		{DD1AF83F-2C37-4E3D-8E6E-5707BB000480}.Release|Any CPU.Build.0 = Release|Any CPU
		{F536131C-E72A-41B2-A940-D509A1965029}.Debug|Any CPU.ActiveCfg = Debug|Any CPU
		{F536131C-E72A-41B2-A940-D509A1965029}.Debug|Any CPU.Build.0 = Debug|Any CPU
		{F536131C-E72A-41B2-A940-D509A1965029}.Release|Any CPU.ActiveCfg = Release|Any CPU
		{F536131C-E72A-41B2-A940-D509A1965029}.Release|Any CPU.Build.0 = Release|Any CPU
		{A2E0687D-E048-41D5-B5C1-59D6B8A206F3}.Debug|Any CPU.ActiveCfg = Debug|Any CPU
		{A2E0687D-E048-41D5-B5C1-59D6B8A206F3}.Debug|Any CPU.Build.0 = Debug|Any CPU
		{A2E0687D-E048-41D5-B5C1-59D6B8A206F3}.Release|Any CPU.ActiveCfg = Release|Any CPU
		{A2E0687D-E048-41D5-B5C1-59D6B8A206F3}.Release|Any CPU.Build.0 = Release|Any CPU
	EndGlobalSection
	GlobalSection(SolutionProperties) = preSolution
		HideSolutionNode = FALSE
	EndGlobalSection
	GlobalSection(NestedProjects) = preSolution
		{0B97CA76-71C6-48C0-8865-EA0DB4098A72} = {C834C7A7-2C62-4B78-AA52-C18B334687C1}
		{05A46B30-BBA6-4529-8587-87CEE4312B02} = {C092FB39-F3E4-4F77-AA9E-4EADA634D76A}
		{D5235D04-C1DF-4BFE-A2E1-9D2DE1DB4A19} = {C092FB39-F3E4-4F77-AA9E-4EADA634D76A}
		{DD1AF83F-2C37-4E3D-8E6E-5707BB000480} = {C092FB39-F3E4-4F77-AA9E-4EADA634D76A}
		{F536131C-E72A-41B2-A940-D509A1965029} = {C092FB39-F3E4-4F77-AA9E-4EADA634D76A}
		{C092FB39-F3E4-4F77-AA9E-4EADA634D76A} = {5063CECD-7492-42B5-9032-948D834E8EC5}
		{C834C7A7-2C62-4B78-AA52-C18B334687C1} = {5063CECD-7492-42B5-9032-948D834E8EC5}
		{A2E0687D-E048-41D5-B5C1-59D6B8A206F3} = {C092FB39-F3E4-4F77-AA9E-4EADA634D76A}
	EndGlobalSection
	GlobalSection(ExtensibilityGlobals) = postSolution
		SolutionGuid = {F5D3BC4D-30B8-4DFB-89B0-450164237321}
	EndGlobalSection
EndGlobal
